
Microsoft Visual Studio Solution File, Format Version 12.00
# Visual Studio Version 16
VisualStudioVersion = 16.0.28803.202
MinimumVisualStudioVersion = 10.0.40219.1
Project("{888888A0-9F3D-457C-B088-3A5042F75D52}") = "VGG16", "VGG16\VGG16.pyproj", "{BA001D24-E86F-45F6-A7BF-976E5B86F373}"
EndProject
Global
	GlobalSection(SolutionConfigurationPlatforms) = preSolution
		Debug|Any CPU = Debug|Any CPU
		Release|Any CPU = Release|Any CPU
	EndGlobalSection
	GlobalSection(ProjectConfigurationPlatforms) = postSolution
		{BA001D24-E86F-45F6-A7BF-976E5B86F373}.Debug|Any CPU.ActiveCfg = Debug|Any CPU
		{BA001D24-E86F-45F6-A7BF-976E5B86F373}.Release|Any CPU.ActiveCfg = Release|Any CPU
	EndGlobalSection
	GlobalSection(SolutionProperties) = preSolution
		HideSolutionNode = FALSE
	EndGlobalSection
	GlobalSection(ExtensibilityGlobals) = postSolution
		SolutionGuid = {D17520D1-F753-40A6-BEEE-346B06D92D72}
	EndGlobalSection
EndGlobal
